
Microsoft Visual Studio Solution File, Format Version 12.00
# Visual Studio 2012
Project("{FAE04EC0-301F-11D3-BF4B-00C04F79EFBC}") = "mexico.Android", "mexico.Android\mexico.Android.csproj", "{C2A104CF-900B-4397-896B-833D931FE68F}"
EndProject
Project("{FAE04EC0-301F-11D3-BF4B-00C04F79EFBC}") = "mexico.iOS", "mexico.iOS\mexico.iOS.csproj", "{1D606486-2D85-480B-A811-2DDE6C2FF45C}"
EndProject
Project("{FAE04EC0-301F-11D3-BF4B-00C04F79EFBC}") = "mexico", "mexico\mexico.csproj", "{729A2F6E-E745-462E-AFBC-E2AB4FC89729}"
EndProject
Global
	GlobalSection(SolutionConfigurationPlatforms) = preSolution
		Debug|Any CPU = Debug|Any CPU
		Release|Any CPU = Release|Any CPU
		Debug|iPhoneSimulator = Debug|iPhoneSimulator
		Release|iPhoneSimulator = Release|iPhoneSimulator
		Debug|iPhone = Debug|iPhone
		Release|iPhone = Release|iPhone
	EndGlobalSection
	GlobalSection(ProjectConfigurationPlatforms) = postSolution
		{C2A104CF-900B-4397-896B-833D931FE68F}.Debug|Any CPU.ActiveCfg = Debug|Any CPU
		{C2A104CF-900B-4397-896B-833D931FE68F}.Debug|Any CPU.Build.0 = Debug|Any CPU
		{C2A104CF-900B-4397-896B-833D931FE68F}.Release|Any CPU.ActiveCfg = Release|Any CPU
		{C2A104CF-900B-4397-896B-833D931FE68F}.Release|Any CPU.Build.0 = Release|Any CPU
		{C2A104CF-900B-4397-896B-833D931FE68F}.Debug|iPhoneSimulator.ActiveCfg = Debug|Any CPU
		{C2A104CF-900B-4397-896B-833D931FE68F}.Debug|iPhoneSimulator.Build.0 = Debug|Any CPU
		{C2A104CF-900B-4397-896B-833D931FE68F}.Release|iPhoneSimulator.ActiveCfg = Release|Any CPU
		{C2A104CF-900B-4397-896B-833D931FE68F}.Release|iPhoneSimulator.Build.0 = Release|Any CPU
		{C2A104CF-900B-4397-896B-833D931FE68F}.Debug|iPhone.ActiveCfg = Debug|Any CPU
		{C2A104CF-900B-4397-896B-833D931FE68F}.Debug|iPhone.Build.0 = Debug|Any CPU
		{C2A104CF-900B-4397-896B-833D931FE68F}.Release|iPhone.ActiveCfg = Release|Any CPU
		{C2A104CF-900B-4397-896B-833D931FE68F}.Release|iPhone.Build.0 = Release|Any CPU
		{1D606486-2D85-480B-A811-2DDE6C2FF45C}.Debug|Any CPU.ActiveCfg = Debug|iPhoneSimulator
		{1D606486-2D85-480B-A811-2DDE6C2FF45C}.Debug|Any CPU.Build.0 = Debug|iPhoneSimulator
		{1D606486-2D85-480B-A811-2DDE6C2FF45C}.Release|Any CPU.ActiveCfg = Release|iPhoneSimulator
		{1D606486-2D85-480B-A811-2DDE6C2FF45C}.Release|Any CPU.Build.0 = Release|iPhoneSimulator
		{1D606486-2D85-480B-A811-2DDE6C2FF45C}.Debug|iPhoneSimulator.ActiveCfg = Debug|iPhoneSimulator
		{1D606486-2D85-480B-A811-2DDE6C2FF45C}.Debug|iPhoneSimulator.Build.0 = Debug|iPhoneSimulator
		{1D606486-2D85-480B-A811-2DDE6C2FF45C}.Release|iPhoneSimulator.ActiveCfg = Release|iPhoneSimulator
		{1D606486-2D85-480B-A811-2DDE6C2FF45C}.Release|iPhoneSimulator.Build.0 = Release|iPhoneSimulator
		{1D606486-2D85-480B-A811-2DDE6C2FF45C}.Debug|iPhone.ActiveCfg = Debug|iPhone
		{1D606486-2D85-480B-A811-2DDE6C2FF45C}.Debug|iPhone.Build.0 = Debug|iPhone
		{1D606486-2D85-480B-A811-2DDE6C2FF45C}.Release|iPhone.ActiveCfg = Release|iPhone
		{1D606486-2D85-480B-A811-2DDE6C2FF45C}.Release|iPhone.Build.0 = Release|iPhone
		{729A2F6E-E745-462E-AFBC-E2AB4FC89729}.Debug|Any CPU.ActiveCfg = Debug|Any CPU
		{729A2F6E-E745-462E-AFBC-E2AB4FC89729}.Debug|Any CPU.Build.0 = Debug|Any CPU
		{729A2F6E-E745-462E-AFBC-E2AB4FC89729}.Release|Any CPU.ActiveCfg = Release|Any CPU
		{729A2F6E-E745-462E-AFBC-E2AB4FC89729}.Release|Any CPU.Build.0 = Release|Any CPU
		{729A2F6E-E745-462E-AFBC-E2AB4FC89729}.Debug|iPhoneSimulator.ActiveCfg = Debug|Any CPU
		{729A2F6E-E745-462E-AFBC-E2AB4FC89729}.Debug|iPhoneSimulator.Build.0 = Debug|Any CPU
		{729A2F6E-E745-462E-AFBC-E2AB4FC89729}.Release|iPhoneSimulator.ActiveCfg = Release|Any CPU
		{729A2F6E-E745-462E-AFBC-E2AB4FC89729}.Release|iPhoneSimulator.Build.0 = Release|Any CPU
		{729A2F6E-E745-462E-AFBC-E2AB4FC89729}.Debug|iPhone.ActiveCfg = Debug|Any CPU
		{729A2F6E-E745-462E-AFBC-E2AB4FC89729}.Debug|iPhone.Build.0 = Debug|Any CPU
		{729A2F6E-E745-462E-AFBC-E2AB4FC89729}.Release|iPhone.ActiveCfg = Release|Any CPU
		{729A2F6E-E745-462E-AFBC-E2AB4FC89729}.Release|iPhone.Build.0 = Release|Any CPU
	EndGlobalSection
EndGlobal
